
Microsoft Visual Studio Solution File, Format Version 12.00
# Visual Studio Version 16
VisualStudioVersion = 16.0.30225.117
MinimumVisualStudioVersion = 10.0.40219.1
Project("{FAE04EC0-301F-11D3-BF4B-00C04F79EFBC}") = "ASP-DOT-NETCORE", "ASP-DOT-NETCORE\ASP-DOT-NETCORE.csproj", "{56A6AD4C-3563-4BEB-90D6-AC1658B6D1E9}"
EndProject
Global
	GlobalSection(SolutionConfigurationPlatforms) = preSolution
		Debug|Any CPU = Debug|Any CPU
		Release|Any CPU = Release|Any CPU
	EndGlobalSection
	GlobalSection(ProjectConfigurationPlatforms) = postSolution
		{56A6AD4C-3563-4BEB-90D6-AC1658B6D1E9}.Debug|Any CPU.ActiveCfg = Debug|Any CPU
		{56A6AD4C-3563-4BEB-90D6-AC1658B6D1E9}.Debug|Any CPU.Build.0 = Debug|Any CPU
		{56A6AD4C-3563-4BEB-90D6-AC1658B6D1E9}.Release|Any CPU.ActiveCfg = Release|Any CPU
		{56A6AD4C-3563-4BEB-90D6-AC1658B6D1E9}.Release|Any CPU.Build.0 = Release|Any CPU
	EndGlobalSection
	GlobalSection(SolutionProperties) = preSolution
		HideSolutionNode = FALSE
	EndGlobalSection
	GlobalSection(ExtensibilityGlobals) = postSolution
		SolutionGuid = {50384413-1212-4D61-9A3C-F4FD8686D43C}
	EndGlobalSection
EndGlobal
